<?xml version="1.0" encoding="utf-8"?>
<Project ToolsVersion="4.0" xmlns="http://schemas.microsoft.com/developer/msbuild/2003">
  <ItemGroup>
    <Filter Include="Исходные файлы">
      <UniqueIdentifier>{4FC737F1-C7A5-4376-A066-2A32D752A2FF}</UniqueIdentifier>
      <Extensions>cpp;c;cc;cxx;c++;cppm;ixx;def;odl;idl;hpj;bat;asm;asmx</Extensions>
    </Filter>
    <Filter Include="Файлы заголовков">
      <UniqueIdentifier>{93995380-89BD-4b04-88EB-625FBE52EBFB}</UniqueIdentifier>
      <Extensions>h;hh;hpp;hxx;h++;hm;inl;inc;ipp;xsd</Extensions>
    </Filter>
    <Filter Include="Файлы ресурсов">
      <UniqueIdentifier>{67DA6AB6-F800-4c08-8B7A-83BB121AAD01}</UniqueIdentifier>
      <Extensions>rc;ico;cur;bmp;dlg;rc2;rct;bin;rgs;gif;jpg;jpeg;jpe;resx;tiff;tif;png;wav;mfcribbon-ms</Extensions>
    </Filter>
    <Filter Include="Исходные файлы\Парсеры">
      <UniqueIdentifier>{899818a5-7018-4a5c-9cab-5ee0ad26ebe9}</UniqueIdentifier>
    </Filter>
    <Filter Include="Исходные файлы\Парсеры\ASP">
      <UniqueIdentifier>{4435cd23-1727-4ae3-b461-cd2b330eadaa}</UniqueIdentifier>
    </Filter>
    <Filter Include="Исходные файлы\Парсеры\LGN">
      <UniqueIdentifier>{0f7434c8-13fa-4ddb-8a31-63739b97af21}</UniqueIdentifier>
    </Filter>
    <Filter Include="Исходные файлы\Парсеры\NAG">
      <UniqueIdentifier>{83ce92d0-17b7-44cb-87d8-08a69fa8c670}</UniqueIdentifier>
    </Filter>
    <Filter Include="Файлы заголовков\Парсеры">
      <UniqueIdentifier>{e773a94d-52c8-4611-ad61-5b5b9aae08d3}</UniqueIdentifier>
    </Filter>
    <Filter Include="Файлы заголовков\Парсеры\ASP">
      <UniqueIdentifier>{2114ecc4-bdd0-4c1a-a19c-163115f8e7cb}</UniqueIdentifier>
    </Filter>
    <Filter Include="Файлы заголовков\Парсеры\LGN">
      <UniqueIdentifier>{439006aa-01b5-4f07-baa8-e1cc4437c2ad}</UniqueIdentifier>
    </Filter>
    <Filter Include="Файлы заголовков\Парсеры\NAG">
      <UniqueIdentifier>{699e62d2-b229-4d5c-bbc7-abe0b9bdbff1}</UniqueIdentifier>
    </Filter>
    <Filter Include="Исходные файлы\Парсеры\IOT">
      <UniqueIdentifier>{ef094bdf-699c-49c3-a446-d0d7413819c3}</UniqueIdentifier>
    </Filter>
    <Filter Include="Файлы заголовков\Парсеры\IOT">
      <UniqueIdentifier>{c388c85b-1843-4914-9c56-2ac8d3e39d0c}</UniqueIdentifier>
    </Filter>
    <Filter Include="Исходные файлы\Парсеры\ASP\AFT">
      <UniqueIdentifier>{4db5a428-4843-44e8-8f03-f274a8562938}</UniqueIdentifier>
    </Filter>
    <Filter Include="Файлы заголовков\Парсеры\ASP\AFT">
      <UniqueIdentifier>{2f371f03-5d39-4702-ba6c-5267c2f20d17}</UniqueIdentifier>
    </Filter>
    <Filter Include="Исходные файлы\Парсеры\FGG">
      <UniqueIdentifier>{93b4d774-f868-4e7f-a67f-d26f93e1aa59}</UniqueIdentifier>
    </Filter>
    <Filter Include="Файлы заголовков\Парсеры\FGG">
      <UniqueIdentifier>{165bf679-6c57-49e8-ac78-a22e22d0c682}</UniqueIdentifier>
    </Filter>
    <Filter Include="Исходные файлы\Парсеры\SEC">
      <UniqueIdentifier>{47196d09-9b98-4e2a-a76c-d0f08864dd3f}</UniqueIdentifier>
    </Filter>
    <Filter Include="Файлы заголовков\Парсеры\SEC">
      <UniqueIdentifier>{23f573b5-2d44-4748-b7ba-a35e77fa7232}</UniqueIdentifier>
    </Filter>
    <Filter Include="Файлы заголовков\Парсеры\PTE">
      <UniqueIdentifier>{1448519e-ae90-4829-92ac-1ee20b5d98b0}</UniqueIdentifier>
    </Filter>
    <Filter Include="Исходные файлы\Парсеры\PTE">
      <UniqueIdentifier>{4f799b35-42e3-4d7a-93fe-efe5b63f31b8}</UniqueIdentifier>
    </Filter>
    <Filter Include="Исходные файлы\Парсеры\HMS">
      <UniqueIdentifier>{85133361-d4c9-4f27-bf2b-51938377e29e}</UniqueIdentifier>
    </Filter>
    <Filter Include="Файлы заголовков\Парсеры\HMS">
      <UniqueIdentifier>{de139ccc-5582-4d12-8860-5579c45380c5}</UniqueIdentifier>
    </Filter>
    <Filter Include="Файлы заголовков\Парсеры\OZN">
      <UniqueIdentifier>{e9bb7188-7392-4a5b-bcb2-99c8650e7029}</UniqueIdentifier>
    </Filter>
    <Filter Include="Исходные файлы\Парсеры\OZN">
      <UniqueIdentifier>{b464afa7-a0a8-4643-a5b0-212b032b9bbd}</UniqueIdentifier>
    </Filter>
  </ItemGroup>
  <ItemGroup>
    <ClCompile Include="ConsolPrinter.cpp">
      <Filter>Исходные файлы</Filter>
    </ClCompile>
    <ClCompile Include="BOMGeneratorApp.cpp">
      <Filter>Исходные файлы</Filter>
    </ClCompile>
    <ClCompile Include="TextLoader.cpp">
      <Filter>Исходные файлы</Filter>
    </ClCompile>
    <ClCompile Include="TextParser.cpp">
      <Filter>Исходные файлы</Filter>
    </ClCompile>
    <ClCompile Include="TableWriter.cpp">
      <Filter>Исходные файлы</Filter>
    </ClCompile>
    <ClCompile Include="MainWindow.cpp">
      <Filter>Исходные файлы</Filter>
    </ClCompile>
    <ClCompile Include="DialogPrinter.cpp">
      <Filter>Исходные файлы</Filter>
    </ClCompile>
    <ClCompile Include="StringConvert.h">
      <Filter>Файлы заголовков</Filter>
    </ClCompile>
    <ClCompile Include="StringConvert.cpp">
      <Filter>Исходные файлы</Filter>
    </ClCompile>
    <ClCompile Include="BaseTextParser.cpp">
      <Filter>Исходные файлы</Filter>
    </ClCompile>
    <ClCompile Include="TextDialog.cpp">
      <Filter>Исходные файлы</Filter>
    </ClCompile>
    <ClCompile Include="DWGTextLoader.cpp">
      <Filter>Исходные файлы</Filter>
    </ClCompile>
    <ClCompile Include="BuildComponent.cpp">
      <Filter>Исходные файлы</Filter>
    </ClCompile>
    <ClCompile Include="DrawingPage.cpp">
      <Filter>Исходные файлы</Filter>
    </ClCompile>
    <ClCompile Include="BuildComponentASP.cpp">
      <Filter>Исходные файлы\Парсеры\ASP</Filter>
    </ClCompile>
    <ClCompile Include="DrawingPageASP.cpp">
      <Filter>Исходные файлы\Парсеры\ASP</Filter>
    </ClCompile>
    <ClCompile Include="TextParserASP.cpp">
      <Filter>Исходные файлы\Парсеры\ASP</Filter>
    </ClCompile>
    <ClCompile Include="DrawingPageLGN.cpp">
      <Filter>Исходные файлы\Парсеры\LGN</Filter>
    </ClCompile>
    <ClCompile Include="TextParserLGN.cpp">
      <Filter>Исходные файлы\Парсеры\LGN</Filter>
    </ClCompile>
    <ClCompile Include="BuildComponentLGN.cpp">
      <Filter>Исходные файлы\Парсеры\LGN</Filter>
    </ClCompile>
    <ClCompile Include="TextParserNAG.cpp">
      <Filter>Исходные файлы\Парсеры\NAG</Filter>
    </ClCompile>
    <ClCompile Include="DrawingPageNAG.cpp">
      <Filter>Исходные файлы\Парсеры\NAG</Filter>
    </ClCompile>
    <ClCompile Include="BuildComponentNAG.cpp">
      <Filter>Исходные файлы\Парсеры\NAG</Filter>
    </ClCompile>
    <ClCompile Include="TextParserIOT.cpp">
      <Filter>Исходные файлы\Парсеры\IOT</Filter>
    </ClCompile>
    <ClCompile Include="DrawingPageIOT.cpp">
      <Filter>Исходные файлы\Парсеры\IOT</Filter>
    </ClCompile>
    <ClCompile Include="BuildComponentIOT.cpp">
      <Filter>Исходные файлы\Парсеры\IOT</Filter>
    </ClCompile>
    <ClCompile Include="SplitBuildComponentData.cpp">
      <Filter>Исходные файлы</Filter>
    </ClCompile>
    <ClCompile Include="StringUtilityes.cpp">
      <Filter>Исходные файлы</Filter>
    </ClCompile>
    <ClCompile Include="DrawingPageAFT.cpp">
      <Filter>Исходные файлы\Парсеры\ASP\AFT</Filter>
    </ClCompile>
    <ClCompile Include="BuildComponentAFT.cpp">
      <Filter>Исходные файлы\Парсеры\ASP\AFT</Filter>
    </ClCompile>
    <ClCompile Include="ValuesCheker.cpp">
      <Filter>Исходные файлы</Filter>
    </ClCompile>
    <ClCompile Include="DWGDotNetTextLoader.cpp">
      <Filter>Исходные файлы</Filter>
    </ClCompile>
    <ClCompile Include="WXLogPrinter.cpp">
      <Filter>Исходные файлы</Filter>
    </ClCompile>
    <ClCompile Include="BuildComponentFGG.cpp">
      <Filter>Исходные файлы\Парсеры\FGG</Filter>
    </ClCompile>
    <ClCompile Include="DrawingPageFGG.cpp">
      <Filter>Исходные файлы\Парсеры\FGG</Filter>
    </ClCompile>
    <ClCompile Include="TextParserFGG.cpp">
      <Filter>Исходные файлы\Парсеры\FGG</Filter>
    </ClCompile>
    <ClCompile Include="TextParserSEC.cpp">
      <Filter>Исходные файлы\Парсеры\SEC</Filter>
    </ClCompile>
    <ClCompile Include="DrawingPageSEC.cpp">
      <Filter>Исходные файлы\Парсеры\SEC</Filter>
    </ClCompile>
    <ClCompile Include="BuildComponentSEC.cpp">
      <Filter>Исходные файлы\Парсеры\SEC</Filter>
    </ClCompile>
    <ClCompile Include="TextParserPTE.cpp">
      <Filter>Исходные файлы\Парсеры\PTE</Filter>
    </ClCompile>
    <ClCompile Include="BuildComponentPTE.cpp">
      <Filter>Исходные файлы\Парсеры\PTE</Filter>
    </ClCompile>
    <ClCompile Include="DrawingPagePTE.cpp">
      <Filter>Исходные файлы\Парсеры\PTE</Filter>
    </ClCompile>
    <ClCompile Include="BuildComponentHMS.cpp">
      <Filter>Исходные файлы\Парсеры\HMS</Filter>
    </ClCompile>
    <ClCompile Include="DrawingPageHMS.cpp">
      <Filter>Исходные файлы\Парсеры\HMS</Filter>
    </ClCompile>
    <ClCompile Include="TextParserHMS.cpp">
      <Filter>Исходные файлы\Парсеры\HMS</Filter>
    </ClCompile>
    <ClCompile Include="TextParserOZN.cpp">
      <Filter>Исходные файлы\Парсеры\OZN</Filter>
    </ClCompile>
    <ClCompile Include="DrawingPageOZN.cpp">
      <Filter>Исходные файлы\Парсеры\OZN</Filter>
    </ClCompile>
    <ClCompile Include="BuildComponentOZN.cpp">
      <Filter>Исходные файлы\Парсеры\OZN</Filter>
    </ClCompile>
  </ItemGroup>
  <ItemGroup>
    <ClInclude Include="ConsolPrinter.h">
      <Filter>Файлы заголовков</Filter>
    </ClInclude>
    <ClInclude Include="IMessagePrinter.h">
      <Filter>Файлы заголовков</Filter>
    </ClInclude>
    <ClInclude Include="TextLoader.h">
      <Filter>Файлы заголовков</Filter>
    </ClInclude>
    <ClInclude Include="TextParser.h">
      <Filter>Файлы заголовков</Filter>
    </ClInclude>
    <ClInclude Include="TableWriter.h">
      <Filter>Файлы заголовков</Filter>
    </ClInclude>
    <ClInclude Include="MainWindow.h">
      <Filter>Файлы заголовков</Filter>
    </ClInclude>
    <ClInclude Include="BOMGeneratorApp.h">
      <Filter>Файлы заголовков</Filter>
    </ClInclude>
    <ClInclude Include="DialogPrinter.h">
      <Filter>Файлы заголовков</Filter>
    </ClInclude>
    <ClInclude Include="BaseTextParser.h">
      <Filter>Файлы заголовков</Filter>
    </ClInclude>
    <ClInclude Include="TextDialog.h">
      <Filter>Файлы заголовков</Filter>
    </ClInclude>
    <ClInclude Include="DWGTextLoader.h">
      <Filter>Файлы заголовков</Filter>
    </ClInclude>
    <ClInclude Include="BuildComponent.h">
      <Filter>Файлы заголовков</Filter>
    </ClInclude>
    <ClInclude Include="DrawingPage.h">
      <Filter>Файлы заголовков</Filter>
    </ClInclude>
    <ClInclude Include="BuildComponentASP.h">
      <Filter>Файлы заголовков\Парсеры\ASP</Filter>
    </ClInclude>
    <ClInclude Include="DrawingPageASP.h">
      <Filter>Файлы заголовков\Парсеры\ASP</Filter>
    </ClInclude>
    <ClInclude Include="TextParserASP.h">
      <Filter>Файлы заголовков\Парсеры\ASP</Filter>
    </ClInclude>
    <ClInclude Include="DrawingPageLGN.h">
      <Filter>Файлы заголовков\Парсеры\LGN</Filter>
    </ClInclude>
    <ClInclude Include="BuildComponentLGN.h">
      <Filter>Файлы заголовков\Парсеры\LGN</Filter>
    </ClInclude>
    <ClInclude Include="TextParserLGN.h">
      <Filter>Файлы заголовков\Парсеры\LGN</Filter>
    </ClInclude>
    <ClInclude Include="TextParserNAG.h">
      <Filter>Файлы заголовков\Парсеры\NAG</Filter>
    </ClInclude>
    <ClInclude Include="DrawingPageNAG.h">
      <Filter>Файлы заголовков\Парсеры\NAG</Filter>
    </ClInclude>
    <ClInclude Include="BuildComponentNAG.h">
      <Filter>Файлы заголовков\Парсеры\NAG</Filter>
    </ClInclude>
    <ClInclude Include="TextParserIOT.h">
      <Filter>Файлы заголовков\Парсеры\IOT</Filter>
    </ClInclude>
    <ClInclude Include="DrawingPageIOT.h">
      <Filter>Файлы заголовков\Парсеры\IOT</Filter>
    </ClInclude>
    <ClInclude Include="BuildComponentIOT.h">
      <Filter>Файлы заголовков\Парсеры\IOT</Filter>
    </ClInclude>
    <ClInclude Include="SplitBuildComponentData.h">
      <Filter>Файлы заголовков</Filter>
    </ClInclude>
    <ClInclude Include="StringUtilities.h">
      <Filter>Файлы заголовков</Filter>
    </ClInclude>
    <ClInclude Include="BuildComponentAFT.h">
      <Filter>Файлы заголовков\Парсеры\ASP\AFT</Filter>
    </ClInclude>
    <ClInclude Include="DrawingPageAFT.h">
      <Filter>Файлы заголовков\Парсеры\ASP\AFT</Filter>
    </ClInclude>
    <ClInclude Include="ValuesCheker.h">
      <Filter>Файлы заголовков</Filter>
    </ClInclude>
    <ClInclude Include="DWGDotNetTextLoader.h">
      <Filter>Файлы заголовков</Filter>
    </ClInclude>
    <ClInclude Include="WXLogPrinter.h">
      <Filter>Файлы заголовков</Filter>
    </ClInclude>
    <ClInclude Include="BuildComponentFGG.h">
      <Filter>Файлы заголовков\Парсеры\FGG</Filter>
    </ClInclude>
    <ClInclude Include="DrawingPageFGG.h">
      <Filter>Файлы заголовков\Парсеры\FGG</Filter>
    </ClInclude>
    <ClInclude Include="TextParserFGG.h">
      <Filter>Файлы заголовков\Парсеры\FGG</Filter>
    </ClInclude>
    <ClInclude Include="TextParserSEC.h">
      <Filter>Файлы заголовков\Парсеры\SEC</Filter>
    </ClInclude>
    <ClInclude Include="DrawingPageSEC.h">
      <Filter>Файлы заголовков\Парсеры\SEC</Filter>
    </ClInclude>
    <ClInclude Include="BuildComponentSEC.h">
      <Filter>Файлы заголовков\Парсеры\SEC</Filter>
    </ClInclude>
    <ClInclude Include="TextParserPTE.h">
      <Filter>Файлы заголовков\Парсеры\PTE</Filter>
    </ClInclude>
    <ClInclude Include="BuildComponentPTE.h">
      <Filter>Файлы заголовков\Парсеры\PTE</Filter>
    </ClInclude>
    <ClInclude Include="DrawingPagePTE.h">
      <Filter>Файлы заголовков\Парсеры\PTE</Filter>
    </ClInclude>
    <ClInclude Include="BuildComponentHMS.h">
      <Filter>Файлы заголовков\Парсеры\HMS</Filter>
    </ClInclude>
    <ClInclude Include="DrawingPageHMS.h">
      <Filter>Файлы заголовков\Парсеры\HMS</Filter>
    </ClInclude>
    <ClInclude Include="TextParserHMS.h">
      <Filter>Файлы заголовков\Парсеры\HMS</Filter>
    </ClInclude>
    <ClInclude Include="TextParserOZN.h">
      <Filter>Файлы заголовков\Парсеры\OZN</Filter>
    </ClInclude>
    <ClInclude Include="DrawingPageOZN.h">
      <Filter>Файлы заголовков\Парсеры\OZN</Filter>
    </ClInclude>
    <ClInclude Include="BuildComponentOZN.h">
      <Filter>Файлы заголовков\Парсеры\OZN</Filter>
    </ClInclude>
  </ItemGroup>
</Project>